<?xml version="1.0" encoding="utf-8"?>
<Project ToolsVersion="4.0" xmlns="http://schemas.microsoft.com/developer/msbuild/2003">
  <ItemGroup>
    <Filter Include="Source Files">
      <UniqueIdentifier>{4FC737F1-C7A5-4376-A066-2A32D752A2FF}</UniqueIdentifier>
      <Extensions>cpp;c;cc;cxx;c++;cppm;ixx;def;odl;idl;hpj;bat;asm;asmx</Extensions>
    </Filter>
    <Filter Include="Header Files">
      <UniqueIdentifier>{93995380-89BD-4b04-88EB-625FBE52EBFB}</UniqueIdentifier>
      <Extensions>h;hh;hpp;hxx;h++;hm;inl;inc;ipp;xsd</Extensions>
    </Filter>
    <Filter Include="Resource Files">
      <UniqueIdentifier>{67DA6AB6-F800-4c08-8B7A-83BB121AAD01}</UniqueIdentifier>
      <Extensions>rc;ico;cur;bmp;dlg;rc2;rct;bin;rgs;gif;jpg;jpeg;jpe;resx;tiff;tif;png;wav;mfcribbon-ms</Extensions>
    </Filter>
  </ItemGroup>
  <ItemGroup>
    <ClInclude Include="DataAnalyzerApp.h">
      <Filter>Header Files</Filter>
    </ClInclude>
    <ClInclude Include="DataAnalyzerAppDlg.h">
      <Filter>Header Files</Filter>
    </ClInclude>
    <ClInclude Include="framework.h">
      <Filter>Header Files</Filter>
    </ClInclude>
    <ClInclude Include="targetver.h">
      <Filter>Header Files</Filter>
    </ClInclude>
    <ClInclude Include="Resource.h">
      <Filter>Header Files</Filter>
    </ClInclude>
    <ClInclude Include="stdafx.h">
      <Filter>Header Files</Filter>
    </ClInclude>
    <ClInclude Include="CPlotTabDlg.h">
      <Filter>Header Files</Filter>
    </ClInclude>
    <ClInclude Include="CTextTabDlg.h">
      <Filter>Header Files</Filter>
    </ClInclude>
    <ClInclude Include="..\..\..\..\Hridoy\ChartCtrl\ChartCtrl\ChartAxis.h">
      <Filter>Header Files</Filter>
    </ClInclude>
    <ClInclude Include="..\..\..\..\Hridoy\ChartCtrl\ChartCtrl\ChartAxisLabel.h">
      <Filter>Header Files</Filter>
    </ClInclude>
    <ClInclude Include="..\..\..\..\Hridoy\ChartCtrl\ChartCtrl\ChartBalloonLabel.h">
      <Filter>Header Files</Filter>
    </ClInclude>
    <ClInclude Include="..\..\..\..\Hridoy\ChartCtrl\ChartCtrl\ChartBarSerie.h">
      <Filter>Header Files</Filter>
    </ClInclude>
    <ClInclude Include="..\..\..\..\Hridoy\ChartCtrl\ChartCtrl\ChartCandlestickSerie.h">
      <Filter>Header Files</Filter>
    </ClInclude>
    <ClInclude Include="..\..\..\..\Hridoy\ChartCtrl\ChartCtrl\ChartCrossHairCursor.h">
      <Filter>Header Files</Filter>
    </ClInclude>
    <ClInclude Include="..\..\..\..\Hridoy\ChartCtrl\ChartCtrl\ChartCtrl.h">
      <Filter>Header Files</Filter>
    </ClInclude>
    <ClInclude Include="..\..\..\..\Hridoy\ChartCtrl\ChartCtrl\ChartCursor.h">
      <Filter>Header Files</Filter>
    </ClInclude>
    <ClInclude Include="..\..\..\..\Hridoy\ChartCtrl\ChartCtrl\ChartDateTimeAxis.h">
      <Filter>Header Files</Filter>
    </ClInclude>
    <ClInclude Include="..\..\..\..\Hridoy\ChartCtrl\ChartCtrl\ChartDragLineCursor.h">
      <Filter>Header Files</Filter>
    </ClInclude>
    <ClInclude Include="..\..\..\..\Hridoy\ChartCtrl\ChartCtrl\ChartFont.h">
      <Filter>Header Files</Filter>
    </ClInclude>
    <ClInclude Include="..\..\..\..\Hridoy\ChartCtrl\ChartCtrl\ChartGanttSerie.h">
      <Filter>Header Files</Filter>
    </ClInclude>
    <ClInclude Include="..\..\..\..\Hridoy\ChartCtrl\ChartCtrl\ChartGradient.h">
      <Filter>Header Files</Filter>
    </ClInclude>
    <ClInclude Include="..\..\..\..\Hridoy\ChartCtrl\ChartCtrl\ChartGrid.h">
      <Filter>Header Files</Filter>
    </ClInclude>
    <ClInclude Include="..\..\..\..\Hridoy\ChartCtrl\ChartCtrl\ChartLabel.h">
      <Filter>Header Files</Filter>
    </ClInclude>
    <ClInclude Include="..\..\..\..\Hridoy\ChartCtrl\ChartCtrl\ChartLegend.h">
      <Filter>Header Files</Filter>
    </ClInclude>
    <ClInclude Include="..\..\..\..\Hridoy\ChartCtrl\ChartCtrl\ChartLineSerie.h">
      <Filter>Header Files</Filter>
    </ClInclude>
    <ClInclude Include="..\..\..\..\Hridoy\ChartCtrl\ChartCtrl\ChartLogarithmicAxis.h">
      <Filter>Header Files</Filter>
    </ClInclude>
    <ClInclude Include="..\..\..\..\Hridoy\ChartCtrl\ChartCtrl\ChartMouseListener.h">
      <Filter>Header Files</Filter>
    </ClInclude>
    <ClInclude Include="..\..\..\..\Hridoy\ChartCtrl\ChartCtrl\ChartPointsArray.h">
      <Filter>Header Files</Filter>
    </ClInclude>
    <ClInclude Include="..\..\..\..\Hridoy\ChartCtrl\ChartCtrl\ChartPointsSerie.h">
      <Filter>Header Files</Filter>
    </ClInclude>
    <ClInclude Include="..\..\..\..\Hridoy\ChartCtrl\ChartCtrl\ChartScrollBar.h">
      <Filter>Header Files</Filter>
    </ClInclude>
    <ClInclude Include="..\..\..\..\Hridoy\ChartCtrl\ChartCtrl\ChartSerie.h">
      <Filter>Header Files</Filter>
    </ClInclude>
    <ClInclude Include="..\..\..\..\Hridoy\ChartCtrl\ChartCtrl\ChartSerieBase.h">
      <Filter>Header Files</Filter>
    </ClInclude>
    <ClInclude Include="..\..\..\..\Hridoy\ChartCtrl\ChartCtrl\ChartSeriesMouseListener.h">
      <Filter>Header Files</Filter>
    </ClInclude>
    <ClInclude Include="..\..\..\..\Hridoy\ChartCtrl\ChartCtrl\ChartStandardAxis.h">
      <Filter>Header Files</Filter>
    </ClInclude>
    <ClInclude Include="..\..\..\..\Hridoy\ChartCtrl\ChartCtrl\ChartString.h">
      <Filter>Header Files</Filter>
    </ClInclude>
    <ClInclude Include="..\..\..\..\Hridoy\ChartCtrl\ChartCtrl\ChartSurfaceSerie.h">
      <Filter>Header Files</Filter>
    </ClInclude>
    <ClInclude Include="..\..\..\..\Hridoy\ChartCtrl\ChartCtrl\ChartTitle.h">
      <Filter>Header Files</Filter>
    </ClInclude>
    <ClInclude Include="..\..\..\..\Hridoy\ChartCtrl\ChartCtrl\ChartXYSerie.h">
      <Filter>Header Files</Filter>
    </ClInclude>
    <ClInclude Include="..\..\..\..\Hridoy\ChartCtrl\ChartCtrl\PointsOrdering.h">
      <Filter>Header Files</Filter>
    </ClInclude>
  </ItemGroup>
  <ItemGroup>
    <ClCompile Include="DataAnalyzerApp.cpp">
      <Filter>Source Files</Filter>
    </ClCompile>
    <ClCompile Include="DataAnalyzerAppDlg.cpp">
      <Filter>Source Files</Filter>
    </ClCompile>
    <ClCompile Include="stdafx.cpp">
      <Filter>Source Files</Filter>
    </ClCompile>
    <ClCompile Include="CTextTabDlg.cpp">
      <Filter>Source Files</Filter>
    </ClCompile>
    <ClCompile Include="..\..\..\..\Hridoy\ChartCtrl\ChartCtrl\ChartAxis.cpp">
      <Filter>Source Files</Filter>
    </ClCompile>
    <ClCompile Include="..\..\..\..\Hridoy\ChartCtrl\ChartCtrl\ChartAxisLabel.cpp">
      <Filter>Source Files</Filter>
    </ClCompile>
    <ClCompile Include="..\..\..\..\Hridoy\ChartCtrl\ChartCtrl\ChartBarSerie.cpp">
      <Filter>Source Files</Filter>
    </ClCompile>
    <ClCompile Include="..\..\..\..\Hridoy\ChartCtrl\ChartCtrl\ChartCandlestickSerie.cpp">
      <Filter>Source Files</Filter>
    </ClCompile>
    <ClCompile Include="..\..\..\..\Hridoy\ChartCtrl\ChartCtrl\ChartCrossHairCursor.cpp">
      <Filter>Source Files</Filter>
    </ClCompile>
    <ClCompile Include="..\..\..\..\Hridoy\ChartCtrl\ChartCtrl\ChartCtrl.cpp">
      <Filter>Source Files</Filter>
    </ClCompile>
    <ClCompile Include="..\..\..\..\Hridoy\ChartCtrl\ChartCtrl\ChartCursor.cpp">
      <Filter>Source Files</Filter>
    </ClCompile>
    <ClCompile Include="..\..\..\..\Hridoy\ChartCtrl\ChartCtrl\ChartDateTimeAxis.cpp">
      <Filter>Source Files</Filter>
    </ClCompile>
    <ClCompile Include="..\..\..\..\Hridoy\ChartCtrl\ChartCtrl\ChartDragLineCursor.cpp">
      <Filter>Source Files</Filter>
    </ClCompile>
    <ClCompile Include="..\..\..\..\Hridoy\ChartCtrl\ChartCtrl\ChartFont.cpp">
      <Filter>Source Files</Filter>
    </ClCompile>
    <ClCompile Include="..\..\..\..\Hridoy\ChartCtrl\ChartCtrl\ChartGanttSerie.cpp">
      <Filter>Source Files</Filter>
    </ClCompile>
    <ClCompile Include="..\..\..\..\Hridoy\ChartCtrl\ChartCtrl\ChartGradient.cpp">
      <Filter>Source Files</Filter>
    </ClCompile>
    <ClCompile Include="..\..\..\..\Hridoy\ChartCtrl\ChartCtrl\ChartGrid.cpp">
      <Filter>Source Files</Filter>
    </ClCompile>
    <ClCompile Include="..\..\..\..\Hridoy\ChartCtrl\ChartCtrl\ChartLegend.cpp">
      <Filter>Source Files</Filter>
    </ClCompile>
    <ClCompile Include="..\..\..\..\Hridoy\ChartCtrl\ChartCtrl\ChartLineSerie.cpp">
      <Filter>Source Files</Filter>
    </ClCompile>
    <ClCompile Include="..\..\..\..\Hridoy\ChartCtrl\ChartCtrl\ChartLogarithmicAxis.cpp">
      <Filter>Source Files</Filter>
    </ClCompile>
    <ClCompile Include="..\..\..\..\Hridoy\ChartCtrl\ChartCtrl\ChartPointsSerie.cpp">
      <Filter>Source Files</Filter>
    </ClCompile>
    <ClCompile Include="..\..\..\..\Hridoy\ChartCtrl\ChartCtrl\ChartScrollBar.cpp">
      <Filter>Source Files</Filter>
    </ClCompile>
    <ClCompile Include="..\..\..\..\Hridoy\ChartCtrl\ChartCtrl\ChartSerie.cpp">
      <Filter>Source Files</Filter>
    </ClCompile>
    <ClCompile Include="..\..\..\..\Hridoy\ChartCtrl\ChartCtrl\ChartStandardAxis.cpp">
      <Filter>Source Files</Filter>
    </ClCompile>
    <ClCompile Include="..\..\..\..\Hridoy\ChartCtrl\ChartCtrl\ChartSurfaceSerie.cpp">
      <Filter>Source Files</Filter>
    </ClCompile>
    <ClCompile Include="..\..\..\..\Hridoy\ChartCtrl\ChartCtrl\ChartTitle.cpp">
      <Filter>Source Files</Filter>
    </ClCompile>
    <ClCompile Include="..\..\..\..\Hridoy\ChartCtrl\ChartCtrl\ChartXYSerie.cpp">
      <Filter>Source Files</Filter>
    </ClCompile>
    <ClCompile Include="CPlotTabDlg.cpp">
      <Filter>Source Files</Filter>
    </ClCompile>
  </ItemGroup>
  <ItemGroup>
    <ResourceCompile Include="DataAnalyzerApp.rc">
      <Filter>Resource Files</Filter>
    </ResourceCompile>
  </ItemGroup>
  <ItemGroup>
    <None Include="res\DataAnalyzerApp.rc2">
      <Filter>Resource Files</Filter>
    </None>
    <None Include="..\..\..\..\Hridoy\ChartCtrl\ChartCtrl\ChartBalloonLabel.inl">
      <Filter>Header Files</Filter>
    </None>
    <None Include="..\..\..\..\Hridoy\ChartCtrl\ChartCtrl\ChartLabel.inl">
      <Filter>Header Files</Filter>
    </None>
    <None Include="..\..\..\..\Hridoy\ChartCtrl\ChartCtrl\ChartPointsArray.inl">
      <Filter>Header Files</Filter>
    </None>
    <None Include="..\..\..\..\Hridoy\ChartCtrl\ChartCtrl\ChartSerieBase.inl">
      <Filter>Header Files</Filter>
    </None>
  </ItemGroup>
  <ItemGroup>
    <Image Include="res\DataAnalyzerApp.ico">
      <Filter>Resource Files</Filter>
    </Image>
  </ItemGroup>
</Project>